// !$*UTF8*$!
{
	archiveVersion = 1;
	classes = {
	};
	objectVersion = 46;
	objects = {

/* Begin PBXBuildFile section */
		7CEE08CC1C6B40D0009AB200 /* main.m in Sources */ = {isa = PBXBuildFile; fileRef = 7CEE08CB1C6B40D0009AB200 /* main.m */; };
		7CEE08D91C6B40FA009AB200 /* PlayerGuest.m in Sources */ = {isa = PBXBuildFile; fileRef = 7CEE08D41C6B40FA009AB200 /* PlayerGuest.m */; };
		7CEE08DA1C6B40FA009AB200 /* PlayerLogged.m in Sources */ = {isa = PBXBuildFile; fileRef = 7CEE08D61C6B40FA009AB200 /* PlayerLogged.m */; };
		7CEE08DC1C6B41B5009AB200 /* Player.m in Sources */ = {isa = PBXBuildFile; fileRef = 7CEE08DB1C6B41B5009AB200 /* Player.m */; };
/* End PBXBuildFile section */

/* Begin PBXCopyFilesBuildPhase section */
		7CEE08C61C6B40D0009AB200 /* CopyFiles */ = {
			isa = PBXCopyFilesBuildPhase;
			buildActionMask = 2147483647;
			dstPath = /usr/share/man/man1/;
			dstSubfolderSpec = 0;
			files = (
			);
			runOnlyForDeploymentPostprocessing = 1;
		};
/* End PBXCopyFilesBuildPhase section */

/* Begin PBXFileReference section */
		7CEE08C81C6B40D0009AB200 /* StatePattern */ = {isa = PBXFileReference; explicitFileType = "compiled.mach-o.executable"; includeInIndex = 0; path = StatePattern; sourceTree = BUILT_PRODUCTS_DIR; };
		7CEE08CB1C6B40D0009AB200 /* main.m */ = {isa = PBXFileReference; lastKnownFileType = sourcecode.c.objc; path = main.m; sourceTree = "<group>"; };
		7CEE08D31C6B40FA009AB200 /* PlayerGuest.h */ = {isa = PBXFileReference; fileEncoding = 4; lastKnownFileType = sourcecode.c.h; path = PlayerGuest.h; sourceTree = "<group>"; };
		7CEE08D41C6B40FA009AB200 /* PlayerGuest.m */ = {isa = PBXFileReference; fileEncoding = 4; lastKnownFileType = sourcecode.c.objc; path = PlayerGuest.m; sourceTree = "<group>"; };
		7CEE08D51C6B40FA009AB200 /* PlayerLogged.h */ = {isa = PBXFileReference; fileEncoding = 4; lastKnownFileType = sourcecode.c.h; path = PlayerLogged.h; sourceTree = "<group>"; };
		7CEE08D61C6B40FA009AB200 /* PlayerLogged.m */ = {isa = PBXFileReference; fileEncoding = 4; lastKnownFileType = sourcecode.c.objc; path = PlayerLogged.m; sourceTree = "<group>"; };
		7CEE08D71C6B40FA009AB200 /* PlayerState.h */ = {isa = PBXFileReference; fileEncoding = 4; lastKnownFileType = sourcecode.c.h; path = PlayerState.h; sourceTree = "<group>"; };
		7CEE08DB1C6B41B5009AB200 /* Player.m */ = {isa = PBXFileReference; fileEncoding = 4; lastKnownFileType = sourcecode.c.objc; path = Player.m; sourceTree = "<group>"; };
		7CEE08DD1C6B4226009AB200 /* Player.h */ = {isa = PBXFileReference; lastKnownFileType = sourcecode.c.h; path = Player.h; sourceTree = "<group>"; };
/* End PBXFileReference section */

/* Begin PBXFrameworksBuildPhase section */
		7CEE08C51C6B40D0009AB200 /* Frameworks */ = {
			isa = PBXFrameworksBuildPhase;
			buildActionMask = 2147483647;
			files = (
			);
			runOnlyForDeploymentPostprocessing = 0;
		};
/* End PBXFrameworksBuildPhase section */

/* Begin PBXGroup section */
		7CEE08BF1C6B40D0009AB200 = {
			isa = PBXGroup;
			children = (
				7CEE08CA1C6B40D0009AB200 /* StatePattern */,
				7CEE08C91C6B40D0009AB200 /* Products */,
			);
			sourceTree = "<group>";
		};
		7CEE08C91C6B40D0009AB200 /* Products */ = {
			isa = PBXGroup;
			children = (
				7CEE08C81C6B40D0009AB200 /* StatePattern */,
			);
			name = Products;
			sourceTree = "<group>";
		};
		7CEE08CA1C6B40D0009AB200 /* StatePattern */ = {
			isa = PBXGroup;
			children = (
				7CEE08CB1C6B40D0009AB200 /* main.m */,
				7CEE08DB1C6B41B5009AB200 /* Player.m */,
				7CEE08D31C6B40FA009AB200 /* PlayerGuest.h */,
				7CEE08D41C6B40FA009AB200 /* PlayerGuest.m */,
				7CEE08D51C6B40FA009AB200 /* PlayerLogged.h */,
				7CEE08D61C6B40FA009AB200 /* PlayerLogged.m */,
				7CEE08D71C6B40FA009AB200 /* PlayerState.h */,
				7CEE08DD1C6B4226009AB200 /* Player.h */,
			);
			path = StatePattern;
			sourceTree = "<group>";
		};
/* End PBXGroup section */

/* Begin PBXNativeTarget section */
		7CEE08C71C6B40D0009AB200 /* StatePattern */ = {
			isa = PBXNativeTarget;
			buildConfigurationList = 7CEE08CF1C6B40D0009AB200 /* Build configuration list for PBXNativeTarget "StatePattern" */;
			buildPhases = (
				7CEE08C41C6B40D0009AB200 /* Sources */,
				7CEE08C51C6B40D0009AB200 /* Frameworks */,
				7CEE08C61C6B40D0009AB200 /* CopyFiles */,
			);
			buildRules = (
			);
			dependencies = (
			);
			name = StatePattern;
			productName = StatePattern;
			productReference = 7CEE08C81C6B40D0009AB200 /* StatePattern */;
			productType = "com.apple.product-type.tool";
		};
/* End PBXNativeTarget section */

/* Begin PBXProject section */
		7CEE08C01C6B40D0009AB200 /* Project object */ = {
			isa = PBXProject;
			attributes = {
				LastUpgradeCheck = 0720;
				ORGANIZATIONNAME = "Rui Santos";
				TargetAttributes = {
					7CEE08C71C6B40D0009AB200 = {
						CreatedOnToolsVersion = 7.2.1;
					};
				};
			};
			buildConfigurationList = 7CEE08C31C6B40D0009AB200 /* Build configuration list for PBXProject "StatePattern" */;
			compatibilityVersion = "Xcode 3.2";
			developmentRegion = English;
			hasScannedForEncodings = 0;
			knownRegions = (
				en,
			);
			mainGroup = 7CEE08BF1C6B40D0009AB200;
			productRefGroup = 7CEE08C91C6B40D0009AB200 /* Products */;
			projectDirPath = "";
			projectRoot = "";
			targets = (
				7CEE08C71C6B40D0009AB200 /* StatePattern */,
			);
		};
/* End PBXProject section */

/* Begin PBXSourcesBuildPhase section */
		7CEE08C41C6B40D0009AB200 /* Sources */ = {
			isa = PBXSourcesBuildPhase;
			buildActionMask = 2147483647;
			files = (
				7CEE08DC1C6B41B5009AB200 /* Player.m in Sources */,
				7CEE08DA1C6B40FA009AB200 /* PlayerLogged.m in Sources */,
				7CEE08D91C6B40FA009AB200 /* PlayerGuest.m in Sources */,
				7CEE08CC1C6B40D0009AB200 /* main.m in Sources */,
			);
			runOnlyForDeploymentPostprocessing = 0;
		};
/* End PBXSourcesBuildPhase section */

/* Begin XCBuildConfiguration section */
		7CEE08CD1C6B40D0009AB200 /* Debug */ = {
			isa = XCBuildConfiguration;
			buildSettings = {
				ALWAYS_SEARCH_USER_PATHS = NO;
				CLANG_CXX_LANGUAGE_STANDARD = "gnu++0x";
				CLANG_CXX_LIBRARY = "libc++";
				CLANG_ENABLE_MODULES = YES;
				CLANG_ENABLE_OBJC_ARC = YES;
				CLANG_WARN_BOOL_CONVERSION = YES;
				CLANG_WARN_CONSTANT_CONVERSION = YES;
				CLANG_WARN_DIRECT_OBJC_ISA_USAGE = YES_ERROR;
				CLANG_WARN_EMPTY_BODY = YES;
				CLANG_WARN_ENUM_CONVERSION = YES;
				CLANG_WARN_INT_CONVERSION = YES;
				CLANG_WARN_OBJC_ROOT_CLASS = YES_ERROR;
				CLANG_WARN_UNREACHABLE_CODE = YES;
				CLANG_WARN__DUPLICATE_METHOD_MATCH = YES;
				CODE_SIGN_IDENTITY = "-";
				COPY_PHASE_STRIP = NO;
				DEBUG_INFORMATION_FORMAT = dwarf;
				ENABLE_STRICT_OBJC_MSGSEND = YES;
				ENABLE_TESTABILITY = YES;
				GCC_C_LANGUAGE_STANDARD = gnu99;
				GCC_DYNAMIC_NO_PIC = NO;
				GCC_NO_COMMON_BLOCKS = YES;
				GCC_OPTIMIZATION_LEVEL = 0;
				GCC_PREPROCESSOR_DEFINITIONS = (
					"DEBUG=1",
					"$(inherited)",
				);
				GCC_WARN_64_TO_32_BIT_CONVERSION = YES;
				GCC_WARN_ABOUT_RETURN_TYPE = YES_ERROR;
				GCC_WARN_UNDECLARED_SELECTOR = YES;
				GCC_WARN_UNINITIALIZED_AUTOS = YES_AGGRESSIVE;
				GCC_WARN_UNUSED_FUNCTION = YES;
				GCC_WARN_UNUSED_VARIABLE = YES;
				MACOSX_DEPLOYMENT_TARGET = 10.10;
				MTL_ENABLE_DEBUG_INFO = YES;
				ONLY_ACTIVE_ARCH = YES;
				SDKROOT = macosx;
			};
			name = Debug;
		};
		7CEE08CE1C6B40D0009AB200 /* Release */ = {
			isa = XCBuildConfiguration;
			buildSettings = {
				ALWAYS_SEARCH_USER_PATHS = NO;
				CLANG_CXX_LANGUAGE_STANDARD = "gnu++0x";
				CLANG_CXX_LIBRARY = "libc++";
				CLANG_ENABLE_MODULES = YES;
				CLANG_ENABLE_OBJC_ARC = YES;
				CLANG_WARN_BOOL_CONVERSION = YES;
				CLANG_WARN_CONSTANT_CONVERSION = YES;
				CLANG_WARN_DIRECT_OBJC_ISA_USAGE = YES_ERROR;
				CLANG_WARN_EMPTY_BODY = YES;
				CLANG_WARN_ENUM_CONVERSION = YES;
				CLANG_WARN_INT_CONVERSION = YES;
				CLANG_WARN_OBJC_ROOT_CLASS = YES_ERROR;
				CLANG_WARN_UNREACHABLE_CODE = YES;
				CLANG_WARN__DUPLICATE_METHOD_MATCH = YES;
				CODE_SIGN_IDENTITY = "-";
				COPY_PHASE_STRIP = NO;
				DEBUG_INFORMATION_FORMAT = "dwarf-with-dsym";
				ENABLE_NS_ASSERTIONS = NO;
				ENABLE_STRICT_OBJC_MSGSEND = YES;
				GCC_C_LANGUAGE_STANDARD = gnu99;
				GCC_NO_COMMON_BLOCKS = YES;
				GCC_WARN_64_TO_32_BIT_CONVERSION = YES;
				GCC_WARN_ABOUT_RETURN_TYPE = YES_ERROR;
				GCC_WARN_UNDECLARED_SELECTOR = YES;
				GCC_WARN_UNINITIALIZED_AUTOS = YES_AGGRESSIVE;
				GCC_WARN_UNUSED_FUNCTION = YES;
				GCC_WARN_UNUSED_VARIABLE = YES;
				MACOSX_DEPLOYMENT_TARGET = 10.10;
				MTL_ENABLE_DEBUG_INFO = NO;
				SDKROOT = macosx;
			};
			name = Release;
		};
		7CEE08D01C6B40D0009AB200 /* Debug */ = {
			isa = XCBuildConfiguration;
			buildSettings = {
				PRODUCT_NAME = "$(TARGET_NAME)";
			};
			name = Debug;
		};
		7CEE08D11C6B40D0009AB200 /* Release */ = {
			isa = XCBuildConfiguration;
			buildSettings = {
				PRODUCT_NAME = "$(TARGET_NAME)";
			};
			name = Release;
		};
/* End XCBuildConfiguration section */

/* Begin XCConfigurationList section */
		7CEE08C31C6B40D0009AB200 /* Build configuration list for PBXProject "StatePattern" */ = {
			isa = XCConfigurationList;
			buildConfigurations = (
				7CEE08CD1C6B40D0009AB200 /* Debug */,
				7CEE08CE1C6B40D0009AB200 /* Release */,
			);
			defaultConfigurationIsVisible = 0;
			defaultConfigurationName = Release;
		};
		7CEE08CF1C6B40D0009AB200 /* Build configuration list for PBXNativeTarget "StatePattern" */ = {
			isa = XCConfigurationList;
			buildConfigurations = (
				7CEE08D01C6B40D0009AB200 /* Debug */,
				7CEE08D11C6B40D0009AB200 /* Release */,
			);
			defaultConfigurationIsVisible = 0;
		};
/* End XCConfigurationList section */
	};
	rootObject = 7CEE08C01C6B40D0009AB200 /* Project object */;
}
